<?xml version="1.0" encoding="utf-8"?>
<Project ToolsVersion="Current" xmlns="http://schemas.microsoft.com/developer/msbuild/2003">
  <ItemGroup>
    <ClCompile Include="config.c" />
    <ClCompile Include="main.c" />
    <ClCompile Include="menu.c">
      <Filter>components\menu</Filter>
    </ClCompile>
    <ClCompile Include="collision.c">
      <Filter>util\collision</Filter>
    </ClCompile>
    <ClCompile Include="game.c" />
    <ClCompile Include="cannonball.c">
      <Filter>components\cannonball</Filter>
    </ClCompile>
  </ItemGroup>
  <ItemGroup>
    <ClInclude Include="config.h" />
    <ClInclude Include="menu.h">
      <Filter>components\menu</Filter>
    </ClInclude>
    <ClInclude Include="collision.h">
      <Filter>util\collision</Filter>
    </ClInclude>
    <ClInclude Include="game.h" />
    <ClInclude Include="cannonball.h">
      <Filter>components\cannonball</Filter>
    </ClInclude>
  </ItemGroup>
  <ItemGroup>
    <Filter Include="components">
      <UniqueIdentifier>{21b8618d-733f-4a7d-8858-9ca42fb37e60}</UniqueIdentifier>
    </Filter>
    <Filter Include="components\menu">
      <UniqueIdentifier>{cd7e6cbc-cd6b-444b-a162-7d7f0160217f}</UniqueIdentifier>
    </Filter>
    <Filter Include="util">
      <UniqueIdentifier>{7e16c889-0d0c-4d67-97c8-5e912e296f9a}</UniqueIdentifier>
    </Filter>
    <Filter Include="util\collision">
      <UniqueIdentifier>{d5c55da1-6dd6-4eaa-9b4d-c2d3a1e7fed3}</UniqueIdentifier>
    </Filter>
    <Filter Include="components\cannonball">
      <UniqueIdentifier>{a8879b22-df87-4a97-aad4-fb3afcfa1219}</UniqueIdentifier>
    </Filter>
  </ItemGroup>
</Project>