
Microsoft Visual Studio Solution File, Format Version 12.00
# Visual Studio Version 17
VisualStudioVersion = 17.7.34024.191
MinimumVisualStudioVersion = 10.0.40219.1
Project("{8BC9CEB8-8B4A-11D0-8D11-00A0C91BC942}") = "tank_u", "tank_u.vcxproj", "{CB704A95-5CEA-460C-A384-2676F80AB4EE}"
EndProject
Global
	GlobalSection(SolutionConfigurationPlatforms) = preSolution
		Debug|x64 = Debug|x64
		Release|x64 = Release|x64
	EndGlobalSection
	GlobalSection(ProjectConfigurationPlatforms) = postSolution
		{CB704A95-5CEA-460C-A384-2676F80AB4EE}.Debug|x64.ActiveCfg = Debug|x64
		{CB704A95-5CEA-460C-A384-2676F80AB4EE}.Debug|x64.Build.0 = Debug|x64
		{CB704A95-5CEA-460C-A384-2676F80AB4EE}.Release|x64.ActiveCfg = Release|x64
		{CB704A95-5CEA-460C-A384-2676F80AB4EE}.Release|x64.Build.0 = Release|x64
	EndGlobalSection
	GlobalSection(SolutionProperties) = preSolution
		HideSolutionNode = FALSE
	EndGlobalSection
	GlobalSection(ExtensibilityGlobals) = postSolution
		SolutionGuid = {A38F34D7-A84C-40E1-B170-8FD40B336C91}
	EndGlobalSection
EndGlobal
